
Microsoft Visual Studio Solution File, Format Version 12.00
# Visual Studio 15
Project("{FAE04EC0-301F-11D3-BF4B-00C04F79EFBC}") = "Assembly-CSharp", "Assembly-CSharp.csproj", "{FB09C540-6F87-AA4A-A5C1-999FEE73FECF}"
EndProject
Project("{FAE04EC0-301F-11D3-BF4B-00C04F79EFBC}") = "Assembly-CSharp-firstpass", "Assembly-CSharp-firstpass.csproj", "{CCE8D873-DA32-E54E-649D-A385D64BD8F1}"
EndProject
Global
	GlobalSection(SolutionConfigurationPlatforms) = preSolution
		Debug|Any CPU = Debug|Any CPU
		Release|Any CPU = Release|Any CPU
	EndGlobalSection
	GlobalSection(ProjectConfigurationPlatforms) = postSolution
		{FB09C540-6F87-AA4A-A5C1-999FEE73FECF}.Debug|Any CPU.ActiveCfg = Debug|Any CPU
		{FB09C540-6F87-AA4A-A5C1-999FEE73FECF}.Debug|Any CPU.Build.0 = Debug|Any CPU
		{FB09C540-6F87-AA4A-A5C1-999FEE73FECF}.Release|Any CPU.ActiveCfg = Release|Any CPU
		{FB09C540-6F87-AA4A-A5C1-999FEE73FECF}.Release|Any CPU.Build.0 = Release|Any CPU
		{CCE8D873-DA32-E54E-649D-A385D64BD8F1}.Debug|Any CPU.ActiveCfg = Debug|Any CPU
		{CCE8D873-DA32-E54E-649D-A385D64BD8F1}.Debug|Any CPU.Build.0 = Debug|Any CPU
		{CCE8D873-DA32-E54E-649D-A385D64BD8F1}.Release|Any CPU.ActiveCfg = Release|Any CPU
		{CCE8D873-DA32-E54E-649D-A385D64BD8F1}.Release|Any CPU.Build.0 = Release|Any CPU
	EndGlobalSection
	GlobalSection(SolutionProperties) = preSolution
		HideSolutionNode = FALSE
	EndGlobalSection
EndGlobal
